
Microsoft Visual Studio Solution File, Format Version 12.00
# Visual Studio Version 16
VisualStudioVersion = 16.0.31105.61
MinimumVisualStudioVersion = 10.0.40219.1
Project("{FAE04EC0-301F-11D3-BF4B-00C04F79EFBC}") = "hw4ASPapi", "hw4ASPapi\hw4ASPapi.csproj", "{CE562A32-533B-4774-8343-00452D454391}"
EndProject
Project("{FAE04EC0-301F-11D3-BF4B-00C04F79EFBC}") = "Orders", "Orders\Orders.csproj", "{92F69396-45AD-48C5-9F12-52F3259F9077}"
EndProject
Global
	GlobalSection(SolutionConfigurationPlatforms) = preSolution
		Debug|Any CPU = Debug|Any CPU
		Release|Any CPU = Release|Any CPU
	EndGlobalSection
	GlobalSection(ProjectConfigurationPlatforms) = postSolution
		{CE562A32-533B-4774-8343-00452D454391}.Debug|Any CPU.ActiveCfg = Debug|Any CPU
		{CE562A32-533B-4774-8343-00452D454391}.Debug|Any CPU.Build.0 = Debug|Any CPU
		{CE562A32-533B-4774-8343-00452D454391}.Release|Any CPU.ActiveCfg = Release|Any CPU
		{CE562A32-533B-4774-8343-00452D454391}.Release|Any CPU.Build.0 = Release|Any CPU
		{92F69396-45AD-48C5-9F12-52F3259F9077}.Debug|Any CPU.ActiveCfg = Debug|Any CPU
		{92F69396-45AD-48C5-9F12-52F3259F9077}.Debug|Any CPU.Build.0 = Debug|Any CPU
		{92F69396-45AD-48C5-9F12-52F3259F9077}.Release|Any CPU.ActiveCfg = Release|Any CPU
		{92F69396-45AD-48C5-9F12-52F3259F9077}.Release|Any CPU.Build.0 = Release|Any CPU
	EndGlobalSection
	GlobalSection(SolutionProperties) = preSolution
		HideSolutionNode = FALSE
	EndGlobalSection
	GlobalSection(ExtensibilityGlobals) = postSolution
		SolutionGuid = {6981FB7E-73ED-4431-8898-47FDE1D8A4F0}
	EndGlobalSection
EndGlobal
